
Microsoft Visual Studio Solution File, Format Version 12.00
# Visual Studio Version 16
VisualStudioVersion = 16.0.33423.256
MinimumVisualStudioVersion = 10.0.40219.1
Project("{8BC9CEB8-8B4A-11D0-8D11-00A0C91BC942}") = "Life", "Life.vcxproj", "{AC2AB170-0EDC-4A9D-8697-C1CC8417047E}"
EndProject
Global
	GlobalSection(SolutionConfigurationPlatforms) = preSolution
		Debug|x64 = Debug|x64
		Release|x64 = Release|x64
	EndGlobalSection
	GlobalSection(ProjectConfigurationPlatforms) = postSolution
		{AC2AB170-0EDC-4A9D-8697-C1CC8417047E}.Debug|x64.ActiveCfg = Debug|x64
		{AC2AB170-0EDC-4A9D-8697-C1CC8417047E}.Debug|x64.Build.0 = Debug|x64
		{AC2AB170-0EDC-4A9D-8697-C1CC8417047E}.Release|x64.ActiveCfg = Release|x64
		{AC2AB170-0EDC-4A9D-8697-C1CC8417047E}.Release|x64.Build.0 = Release|x64
	EndGlobalSection
	GlobalSection(SolutionProperties) = preSolution
		HideSolutionNode = FALSE
	EndGlobalSection
	GlobalSection(ExtensibilityGlobals) = postSolution
		SolutionGuid = {D5BD15EB-7D47-498F-9004-E0BC38FDA675}
	EndGlobalSection
EndGlobal
